// !$*UTF8*$!
{
	archiveVersion = 1;
	classes = {
	};
	objectVersion = 46;
	objects = {

/* Begin PBXBuildFile section */
		1827D4C11BE87995009F3B9B /* NSBundle+KIAdditions.m in Sources */ = {isa = PBXBuildFile; fileRef = 1827D47B1BE87995009F3B9B /* NSBundle+KIAdditions.m */; };
		1827D4C21BE87995009F3B9B /* NSData+KIAdditions.m in Sources */ = {isa = PBXBuildFile; fileRef = 1827D47E1BE87995009F3B9B /* NSData+KIAdditions.m */; };
		1827D4C31BE87995009F3B9B /* NSDate+KIAdditions.m in Sources */ = {isa = PBXBuildFile; fileRef = 1827D4811BE87995009F3B9B /* NSDate+KIAdditions.m */; };
		1827D4C41BE87995009F3B9B /* NSDictionary+KIAdditions.m in Sources */ = {isa = PBXBuildFile; fileRef = 1827D4841BE87995009F3B9B /* NSDictionary+KIAdditions.m */; };
		1827D4C51BE87995009F3B9B /* NSFileManager+KIAdditions.m in Sources */ = {isa = PBXBuildFile; fileRef = 1827D4871BE87995009F3B9B /* NSFileManager+KIAdditions.m */; };
		1827D4C61BE87995009F3B9B /* NSLayoutConstraint+KIAdditions.m in Sources */ = {isa = PBXBuildFile; fileRef = 1827D48A1BE87995009F3B9B /* NSLayoutConstraint+KIAdditions.m */; };
		1827D4C71BE87995009F3B9B /* NSMutableDictionary+KIAdditions.m in Sources */ = {isa = PBXBuildFile; fileRef = 1827D48D1BE87995009F3B9B /* NSMutableDictionary+KIAdditions.m */; };
		1827D4C81BE87995009F3B9B /* NSObject+KIAdditions.m in Sources */ = {isa = PBXBuildFile; fileRef = 1827D4901BE87995009F3B9B /* NSObject+KIAdditions.m */; };
		1827D4C91BE87995009F3B9B /* NSString+KIAdditions.m in Sources */ = {isa = PBXBuildFile; fileRef = 1827D4931BE87995009F3B9B /* NSString+KIAdditions.m */; };
		1827D4CA1BE87995009F3B9B /* NSUserDefaults+KIAdditions.m in Sources */ = {isa = PBXBuildFile; fileRef = 1827D4961BE87995009F3B9B /* NSUserDefaults+KIAdditions.m */; };
		1827D4CB1BE87995009F3B9B /* UIButton+KIAdditions.m in Sources */ = {isa = PBXBuildFile; fileRef = 1827D4991BE87995009F3B9B /* UIButton+KIAdditions.m */; };
		1827D4CC1BE87995009F3B9B /* UIColor+KIAdditions.m in Sources */ = {isa = PBXBuildFile; fileRef = 1827D49C1BE87995009F3B9B /* UIColor+KIAdditions.m */; };
		1827D4CD1BE87995009F3B9B /* UIDevice+KIAdditions.m in Sources */ = {isa = PBXBuildFile; fileRef = 1827D49F1BE87995009F3B9B /* UIDevice+KIAdditions.m */; };
		1827D4CE1BE87995009F3B9B /* UIImage+KIAdditions.m in Sources */ = {isa = PBXBuildFile; fileRef = 1827D4A21BE87995009F3B9B /* UIImage+KIAdditions.m */; };
		1827D4D01BE87995009F3B9B /* UINavigationBar+KIAdditions.m in Sources */ = {isa = PBXBuildFile; fileRef = 1827D4A81BE87995009F3B9B /* UINavigationBar+KIAdditions.m */; };
		1827D4D11BE87995009F3B9B /* UINavigationController+KIAdditions.m in Sources */ = {isa = PBXBuildFile; fileRef = 1827D4AB1BE87995009F3B9B /* UINavigationController+KIAdditions.m */; };
		1827D4D21BE87995009F3B9B /* UIScreen+KIAdditions.m in Sources */ = {isa = PBXBuildFile; fileRef = 1827D4AE1BE87995009F3B9B /* UIScreen+KIAdditions.m */; };
		1827D4D31BE87995009F3B9B /* UITableView+KIAdditions.m in Sources */ = {isa = PBXBuildFile; fileRef = 1827D4B11BE87995009F3B9B /* UITableView+KIAdditions.m */; };
		1827D4D41BE87995009F3B9B /* UITableViewCell+KIAdditions.m in Sources */ = {isa = PBXBuildFile; fileRef = 1827D4B41BE87995009F3B9B /* UITableViewCell+KIAdditions.m */; };
		1827D4D51BE87995009F3B9B /* UITableViewController+KIAdditions.m in Sources */ = {isa = PBXBuildFile; fileRef = 1827D4B71BE87995009F3B9B /* UITableViewController+KIAdditions.m */; };
		1827D4D61BE87995009F3B9B /* UITextField+KIAdditions.m in Sources */ = {isa = PBXBuildFile; fileRef = 1827D4BA1BE87995009F3B9B /* UITextField+KIAdditions.m */; };
		1827D4D81BE87995009F3B9B /* UIViewController+KIAdditions.m in Sources */ = {isa = PBXBuildFile; fileRef = 1827D4C01BE87995009F3B9B /* UIViewController+KIAdditions.m */; };
		1895C2851C851836003ED1D3 /* UICollectionView+KIAdditions.m in Sources */ = {isa = PBXBuildFile; fileRef = 1895C2841C851836003ED1D3 /* UICollectionView+KIAdditions.m */; };
		18BD6DD61BE86B9400B8CBF9 /* main.m in Sources */ = {isa = PBXBuildFile; fileRef = 18BD6DD51BE86B9400B8CBF9 /* main.m */; };
		18BD6DD91BE86B9400B8CBF9 /* AppDelegate.m in Sources */ = {isa = PBXBuildFile; fileRef = 18BD6DD81BE86B9400B8CBF9 /* AppDelegate.m */; };
		18BD6DDC1BE86B9400B8CBF9 /* ViewController.m in Sources */ = {isa = PBXBuildFile; fileRef = 18BD6DDB1BE86B9400B8CBF9 /* ViewController.m */; };
		18BD6DDF1BE86B9400B8CBF9 /* Main.storyboard in Resources */ = {isa = PBXBuildFile; fileRef = 18BD6DDD1BE86B9400B8CBF9 /* Main.storyboard */; };
		18BD6DE11BE86B9400B8CBF9 /* Images.xcassets in Resources */ = {isa = PBXBuildFile; fileRef = 18BD6DE01BE86B9400B8CBF9 /* Images.xcassets */; };
		18BD6DE41BE86B9400B8CBF9 /* LaunchScreen.xib in Resources */ = {isa = PBXBuildFile; fileRef = 18BD6DE21BE86B9400B8CBF9 /* LaunchScreen.xib */; };
		18BD6DF01BE86B9400B8CBF9 /* KIAdditionsTests.m in Sources */ = {isa = PBXBuildFile; fileRef = 18BD6DEF1BE86B9400B8CBF9 /* KIAdditionsTests.m */; };
		18DAD8421CA14809007AA8A5 /* iOS.png in Resources */ = {isa = PBXBuildFile; fileRef = 18DAD8411CA14809007AA8A5 /* iOS.png */; };
		18DAD8451CA149B6007AA8A5 /* UIImage+KIBitmap.m in Sources */ = {isa = PBXBuildFile; fileRef = 18DAD8441CA149B6007AA8A5 /* UIImage+KIBitmap.m */; };
		18DAD8481CA14C85007AA8A5 /* UIImage+KIFilter.m in Sources */ = {isa = PBXBuildFile; fileRef = 18DAD8471CA14C85007AA8A5 /* UIImage+KIFilter.m */; };
		18F873A41C3D0C3800AC9C6B /* UICollectionViewCell+KIAdditions.m in Sources */ = {isa = PBXBuildFile; fileRef = 18F873A31C3D0C3800AC9C6B /* UICollectionViewCell+KIAdditions.m */; };
/* End PBXBuildFile section */

/* Begin PBXContainerItemProxy section */
		18BD6DEA1BE86B9400B8CBF9 /* PBXContainerItemProxy */ = {
			isa = PBXContainerItemProxy;
			containerPortal = 18BD6DC81BE86B9400B8CBF9 /* Project object */;
			proxyType = 1;
			remoteGlobalIDString = 18BD6DCF1BE86B9400B8CBF9;
			remoteInfo = KIAdditions;
		};
/* End PBXContainerItemProxy section */

/* Begin PBXFileReference section */
		1827D47A1BE87995009F3B9B /* NSBundle+KIAdditions.h */ = {isa = PBXFileReference; fileEncoding = 4; lastKnownFileType = sourcecode.c.h; path = "NSBundle+KIAdditions.h"; sourceTree = "<group>"; };
		1827D47B1BE87995009F3B9B /* NSBundle+KIAdditions.m */ = {isa = PBXFileReference; fileEncoding = 4; lastKnownFileType = sourcecode.c.objc; path = "NSBundle+KIAdditions.m"; sourceTree = "<group>"; };
		1827D47D1BE87995009F3B9B /* NSData+KIAdditions.h */ = {isa = PBXFileReference; fileEncoding = 4; lastKnownFileType = sourcecode.c.h; path = "NSData+KIAdditions.h"; sourceTree = "<group>"; };
		1827D47E1BE87995009F3B9B /* NSData+KIAdditions.m */ = {isa = PBXFileReference; fileEncoding = 4; lastKnownFileType = sourcecode.c.objc; path = "NSData+KIAdditions.m"; sourceTree = "<group>"; };
		1827D4801BE87995009F3B9B /* NSDate+KIAdditions.h */ = {isa = PBXFileReference; fileEncoding = 4; lastKnownFileType = sourcecode.c.h; path = "NSDate+KIAdditions.h"; sourceTree = "<group>"; };
		1827D4811BE87995009F3B9B /* NSDate+KIAdditions.m */ = {isa = PBXFileReference; fileEncoding = 4; lastKnownFileType = sourcecode.c.objc; path = "NSDate+KIAdditions.m"; sourceTree = "<group>"; };
		1827D4831BE87995009F3B9B /* NSDictionary+KIAdditions.h */ = {isa = PBXFileReference; fileEncoding = 4; lastKnownFileType = sourcecode.c.h; path = "NSDictionary+KIAdditions.h"; sourceTree = "<group>"; };
		1827D4841BE87995009F3B9B /* NSDictionary+KIAdditions.m */ = {isa = PBXFileReference; fileEncoding = 4; lastKnownFileType = sourcecode.c.objc; path = "NSDictionary+KIAdditions.m"; sourceTree = "<group>"; };
		1827D4861BE87995009F3B9B /* NSFileManager+KIAdditions.h */ = {isa = PBXFileReference; fileEncoding = 4; lastKnownFileType = sourcecode.c.h; path = "NSFileManager+KIAdditions.h"; sourceTree = "<group>"; };
		1827D4871BE87995009F3B9B /* NSFileManager+KIAdditions.m */ = {isa = PBXFileReference; fileEncoding = 4; lastKnownFileType = sourcecode.c.objc; path = "NSFileManager+KIAdditions.m"; sourceTree = "<group>"; };
		1827D4891BE87995009F3B9B /* NSLayoutConstraint+KIAdditions.h */ = {isa = PBXFileReference; fileEncoding = 4; lastKnownFileType = sourcecode.c.h; path = "NSLayoutConstraint+KIAdditions.h"; sourceTree = "<group>"; };
		1827D48A1BE87995009F3B9B /* NSLayoutConstraint+KIAdditions.m */ = {isa = PBXFileReference; fileEncoding = 4; lastKnownFileType = sourcecode.c.objc; path = "NSLayoutConstraint+KIAdditions.m"; sourceTree = "<group>"; };
		1827D48C1BE87995009F3B9B /* NSMutableDictionary+KIAdditions.h */ = {isa = PBXFileReference; fileEncoding = 4; lastKnownFileType = sourcecode.c.h; path = "NSMutableDictionary+KIAdditions.h"; sourceTree = "<group>"; };
		1827D48D1BE87995009F3B9B /* NSMutableDictionary+KIAdditions.m */ = {isa = PBXFileReference; fileEncoding = 4; lastKnownFileType = sourcecode.c.objc; path = "NSMutableDictionary+KIAdditions.m"; sourceTree = "<group>"; };
		1827D48F1BE87995009F3B9B /* NSObject+KIAdditions.h */ = {isa = PBXFileReference; fileEncoding = 4; lastKnownFileType = sourcecode.c.h; path = "NSObject+KIAdditions.h"; sourceTree = "<group>"; };
		1827D4901BE87995009F3B9B /* NSObject+KIAdditions.m */ = {isa = PBXFileReference; fileEncoding = 4; lastKnownFileType = sourcecode.c.objc; path = "NSObject+KIAdditions.m"; sourceTree = "<group>"; };
		1827D4921BE87995009F3B9B /* NSString+KIAdditions.h */ = {isa = PBXFileReference; fileEncoding = 4; lastKnownFileType = sourcecode.c.h; path = "NSString+KIAdditions.h"; sourceTree = "<group>"; };
		1827D4931BE87995009F3B9B /* NSString+KIAdditions.m */ = {isa = PBXFileReference; fileEncoding = 4; lastKnownFileType = sourcecode.c.objc; path = "NSString+KIAdditions.m"; sourceTree = "<group>"; };
		1827D4951BE87995009F3B9B /* NSUserDefaults+KIAdditions.h */ = {isa = PBXFileReference; fileEncoding = 4; lastKnownFileType = sourcecode.c.h; path = "NSUserDefaults+KIAdditions.h"; sourceTree = "<group>"; };
		1827D4961BE87995009F3B9B /* NSUserDefaults+KIAdditions.m */ = {isa = PBXFileReference; fileEncoding = 4; lastKnownFileType = sourcecode.c.objc; path = "NSUserDefaults+KIAdditions.m"; sourceTree = "<group>"; };
		1827D4981BE87995009F3B9B /* UIButton+KIAdditions.h */ = {isa = PBXFileReference; fileEncoding = 4; lastKnownFileType = sourcecode.c.h; path = "UIButton+KIAdditions.h"; sourceTree = "<group>"; };
		1827D4991BE87995009F3B9B /* UIButton+KIAdditions.m */ = {isa = PBXFileReference; fileEncoding = 4; lastKnownFileType = sourcecode.c.objc; path = "UIButton+KIAdditions.m"; sourceTree = "<group>"; };
		1827D49B1BE87995009F3B9B /* UIColor+KIAdditions.h */ = {isa = PBXFileReference; fileEncoding = 4; lastKnownFileType = sourcecode.c.h; path = "UIColor+KIAdditions.h"; sourceTree = "<group>"; };
		1827D49C1BE87995009F3B9B /* UIColor+KIAdditions.m */ = {isa = PBXFileReference; fileEncoding = 4; lastKnownFileType = sourcecode.c.objc; path = "UIColor+KIAdditions.m"; sourceTree = "<group>"; };
		1827D49E1BE87995009F3B9B /* UIDevice+KIAdditions.h */ = {isa = PBXFileReference; fileEncoding = 4; lastKnownFileType = sourcecode.c.h; path = "UIDevice+KIAdditions.h"; sourceTree = "<group>"; };
		1827D49F1BE87995009F3B9B /* UIDevice+KIAdditions.m */ = {isa = PBXFileReference; fileEncoding = 4; lastKnownFileType = sourcecode.c.objc; path = "UIDevice+KIAdditions.m"; sourceTree = "<group>"; };
		1827D4A11BE87995009F3B9B /* UIImage+KIAdditions.h */ = {isa = PBXFileReference; fileEncoding = 4; lastKnownFileType = sourcecode.c.h; path = "UIImage+KIAdditions.h"; sourceTree = "<group>"; };
		1827D4A21BE87995009F3B9B /* UIImage+KIAdditions.m */ = {isa = PBXFileReference; fileEncoding = 4; lastKnownFileType = sourcecode.c.objc; path = "UIImage+KIAdditions.m"; sourceTree = "<group>"; };
		1827D4A71BE87995009F3B9B /* UINavigationBar+KIAdditions.h */ = {isa = PBXFileReference; fileEncoding = 4; lastKnownFileType = sourcecode.c.h; path = "UINavigationBar+KIAdditions.h"; sourceTree = "<group>"; };
		1827D4A81BE87995009F3B9B /* UINavigationBar+KIAdditions.m */ = {isa = PBXFileReference; fileEncoding = 4; lastKnownFileType = sourcecode.c.objc; path = "UINavigationBar+KIAdditions.m"; sourceTree = "<group>"; };
		1827D4AA1BE87995009F3B9B /* UINavigationController+KIAdditions.h */ = {isa = PBXFileReference; fileEncoding = 4; lastKnownFileType = sourcecode.c.h; path = "UINavigationController+KIAdditions.h"; sourceTree = "<group>"; };
		1827D4AB1BE87995009F3B9B /* UINavigationController+KIAdditions.m */ = {isa = PBXFileReference; fileEncoding = 4; lastKnownFileType = sourcecode.c.objc; path = "UINavigationController+KIAdditions.m"; sourceTree = "<group>"; };
		1827D4AD1BE87995009F3B9B /* UIScreen+KIAdditions.h */ = {isa = PBXFileReference; fileEncoding = 4; lastKnownFileType = sourcecode.c.h; path = "UIScreen+KIAdditions.h"; sourceTree = "<group>"; };
		1827D4AE1BE87995009F3B9B /* UIScreen+KIAdditions.m */ = {isa = PBXFileReference; fileEncoding = 4; lastKnownFileType = sourcecode.c.objc; path = "UIScreen+KIAdditions.m"; sourceTree = "<group>"; };
		1827D4B01BE87995009F3B9B /* UITableView+KIAdditions.h */ = {isa = PBXFileReference; fileEncoding = 4; lastKnownFileType = sourcecode.c.h; path = "UITableView+KIAdditions.h"; sourceTree = "<group>"; };
		1827D4B11BE87995009F3B9B /* UITableView+KIAdditions.m */ = {isa = PBXFileReference; fileEncoding = 4; lastKnownFileType = sourcecode.c.objc; path = "UITableView+KIAdditions.m"; sourceTree = "<group>"; };
		1827D4B31BE87995009F3B9B /* UITableViewCell+KIAdditions.h */ = {isa = PBXFileReference; fileEncoding = 4; lastKnownFileType = sourcecode.c.h; path = "UITableViewCell+KIAdditions.h"; sourceTree = "<group>"; };
		1827D4B41BE87995009F3B9B /* UITableViewCell+KIAdditions.m */ = {isa = PBXFileReference; fileEncoding = 4; lastKnownFileType = sourcecode.c.objc; path = "UITableViewCell+KIAdditions.m"; sourceTree = "<group>"; };
		1827D4B61BE87995009F3B9B /* UITableViewController+KIAdditions.h */ = {isa = PBXFileReference; fileEncoding = 4; lastKnownFileType = sourcecode.c.h; path = "UITableViewController+KIAdditions.h"; sourceTree = "<group>"; };
		1827D4B71BE87995009F3B9B /* UITableViewController+KIAdditions.m */ = {isa = PBXFileReference; fileEncoding = 4; lastKnownFileType = sourcecode.c.objc; path = "UITableViewController+KIAdditions.m"; sourceTree = "<group>"; };
		1827D4B91BE87995009F3B9B /* UITextField+KIAdditions.h */ = {isa = PBXFileReference; fileEncoding = 4; lastKnownFileType = sourcecode.c.h; path = "UITextField+KIAdditions.h"; sourceTree = "<group>"; };
		1827D4BA1BE87995009F3B9B /* UITextField+KIAdditions.m */ = {isa = PBXFileReference; fileEncoding = 4; lastKnownFileType = sourcecode.c.objc; path = "UITextField+KIAdditions.m"; sourceTree = "<group>"; };
		1827D4BF1BE87995009F3B9B /* UIViewController+KIAdditions.h */ = {isa = PBXFileReference; fileEncoding = 4; lastKnownFileType = sourcecode.c.h; path = "UIViewController+KIAdditions.h"; sourceTree = "<group>"; };
		1827D4C01BE87995009F3B9B /* UIViewController+KIAdditions.m */ = {isa = PBXFileReference; fileEncoding = 4; lastKnownFileType = sourcecode.c.objc; path = "UIViewController+KIAdditions.m"; sourceTree = "<group>"; };
		1895C2831C851836003ED1D3 /* UICollectionView+KIAdditions.h */ = {isa = PBXFileReference; fileEncoding = 4; lastKnownFileType = sourcecode.c.h; path = "UICollectionView+KIAdditions.h"; sourceTree = "<group>"; };
		1895C2841C851836003ED1D3 /* UICollectionView+KIAdditions.m */ = {isa = PBXFileReference; fileEncoding = 4; lastKnownFileType = sourcecode.c.objc; path = "UICollectionView+KIAdditions.m"; sourceTree = "<group>"; };
		18BD6DD01BE86B9400B8CBF9 /* KIAdditions.app */ = {isa = PBXFileReference; explicitFileType = wrapper.application; includeInIndex = 0; path = KIAdditions.app; sourceTree = BUILT_PRODUCTS_DIR; };
		18BD6DD41BE86B9400B8CBF9 /* Info.plist */ = {isa = PBXFileReference; lastKnownFileType = text.plist.xml; path = Info.plist; sourceTree = "<group>"; };
		18BD6DD51BE86B9400B8CBF9 /* main.m */ = {isa = PBXFileReference; lastKnownFileType = sourcecode.c.objc; path = main.m; sourceTree = "<group>"; };
		18BD6DD71BE86B9400B8CBF9 /* AppDelegate.h */ = {isa = PBXFileReference; lastKnownFileType = sourcecode.c.h; path = AppDelegate.h; sourceTree = "<group>"; };
		18BD6DD81BE86B9400B8CBF9 /* AppDelegate.m */ = {isa = PBXFileReference; lastKnownFileType = sourcecode.c.objc; path = AppDelegate.m; sourceTree = "<group>"; };
		18BD6DDA1BE86B9400B8CBF9 /* ViewController.h */ = {isa = PBXFileReference; lastKnownFileType = sourcecode.c.h; path = ViewController.h; sourceTree = "<group>"; };
		18BD6DDB1BE86B9400B8CBF9 /* ViewController.m */ = {isa = PBXFileReference; lastKnownFileType = sourcecode.c.objc; path = ViewController.m; sourceTree = "<group>"; };
		18BD6DDE1BE86B9400B8CBF9 /* Base */ = {isa = PBXFileReference; lastKnownFileType = file.storyboard; name = Base; path = Base.lproj/Main.storyboard; sourceTree = "<group>"; };
		18BD6DE01BE86B9400B8CBF9 /* Images.xcassets */ = {isa = PBXFileReference; lastKnownFileType = folder.assetcatalog; path = Images.xcassets; sourceTree = "<group>"; };
		18BD6DE31BE86B9400B8CBF9 /* Base */ = {isa = PBXFileReference; lastKnownFileType = file.xib; name = Base; path = Base.lproj/LaunchScreen.xib; sourceTree = "<group>"; };
		18BD6DE91BE86B9400B8CBF9 /* KIAdditionsTests.xctest */ = {isa = PBXFileReference; explicitFileType = wrapper.cfbundle; includeInIndex = 0; path = KIAdditionsTests.xctest; sourceTree = BUILT_PRODUCTS_DIR; };
		18BD6DEE1BE86B9400B8CBF9 /* Info.plist */ = {isa = PBXFileReference; lastKnownFileType = text.plist.xml; path = Info.plist; sourceTree = "<group>"; };
		18BD6DEF1BE86B9400B8CBF9 /* KIAdditionsTests.m */ = {isa = PBXFileReference; lastKnownFileType = sourcecode.c.objc; path = KIAdditionsTests.m; sourceTree = "<group>"; };
		18DAD8411CA14809007AA8A5 /* iOS.png */ = {isa = PBXFileReference; lastKnownFileType = image.png; name = iOS.png; path = ../../../iOS.png; sourceTree = "<group>"; };
		18DAD8431CA149B6007AA8A5 /* UIImage+KIBitmap.h */ = {isa = PBXFileReference; fileEncoding = 4; lastKnownFileType = sourcecode.c.h; path = "UIImage+KIBitmap.h"; sourceTree = "<group>"; };
		18DAD8441CA149B6007AA8A5 /* UIImage+KIBitmap.m */ = {isa = PBXFileReference; fileEncoding = 4; lastKnownFileType = sourcecode.c.objc; path = "UIImage+KIBitmap.m"; sourceTree = "<group>"; };
		18DAD8461CA14C85007AA8A5 /* UIImage+KIFilter.h */ = {isa = PBXFileReference; fileEncoding = 4; lastKnownFileType = sourcecode.c.h; path = "UIImage+KIFilter.h"; sourceTree = "<group>"; };
		18DAD8471CA14C85007AA8A5 /* UIImage+KIFilter.m */ = {isa = PBXFileReference; fileEncoding = 4; lastKnownFileType = sourcecode.c.objc; path = "UIImage+KIFilter.m"; sourceTree = "<group>"; };
		18F873A21C3D0C3800AC9C6B /* UICollectionViewCell+KIAdditions.h */ = {isa = PBXFileReference; fileEncoding = 4; lastKnownFileType = sourcecode.c.h; path = "UICollectionViewCell+KIAdditions.h"; sourceTree = "<group>"; };
		18F873A31C3D0C3800AC9C6B /* UICollectionViewCell+KIAdditions.m */ = {isa = PBXFileReference; fileEncoding = 4; lastKnownFileType = sourcecode.c.objc; path = "UICollectionViewCell+KIAdditions.m"; sourceTree = "<group>"; };
/* End PBXFileReference section */

/* Begin PBXFrameworksBuildPhase section */
		18BD6DCD1BE86B9400B8CBF9 /* Frameworks */ = {
			isa = PBXFrameworksBuildPhase;
			buildActionMask = 2147483647;
			files = (
			);
			runOnlyForDeploymentPostprocessing = 0;
		};
		18BD6DE61BE86B9400B8CBF9 /* Frameworks */ = {
			isa = PBXFrameworksBuildPhase;
			buildActionMask = 2147483647;
			files = (
			);
			runOnlyForDeploymentPostprocessing = 0;
		};
/* End PBXFrameworksBuildPhase section */

/* Begin PBXGroup section */
		1827D4781BE87995009F3B9B /* KIAdditions */ = {
			isa = PBXGroup;
			children = (
				1895C27F1C8517F8003ED1D3 /* UICollectionView */,
				18F873A11C3D0C1500AC9C6B /* UICollectionViewCell */,
				1827D4791BE87995009F3B9B /* NSBundle */,
				1827D47C1BE87995009F3B9B /* NSData */,
				1827D47F1BE87995009F3B9B /* NSDate */,
				1827D4821BE87995009F3B9B /* NSDictionary */,
				1827D4851BE87995009F3B9B /* NSFileManager */,
				1827D4881BE87995009F3B9B /* NSLayoutConstraint */,
				1827D48B1BE87995009F3B9B /* NSMutableDictionary */,
				1827D48E1BE87995009F3B9B /* NSObject */,
				1827D4911BE87995009F3B9B /* NSString */,
				1827D4941BE87995009F3B9B /* NSUserDefaults */,
				1827D4971BE87995009F3B9B /* UIButton */,
				1827D49A1BE87995009F3B9B /* UIColor */,
				1827D49D1BE87995009F3B9B /* UIDevice */,
				1827D4A01BE87995009F3B9B /* UIImage */,
				1827D4A61BE87995009F3B9B /* UINavigationBar */,
				1827D4A91BE87995009F3B9B /* UINavigationController */,
				1827D4AC1BE87995009F3B9B /* UIScreen */,
				1827D4AF1BE87995009F3B9B /* UITableView */,
				1827D4B21BE87995009F3B9B /* UITableViewCell */,
				1827D4B51BE87995009F3B9B /* UITableViewController */,
				1827D4B81BE87995009F3B9B /* UITextField */,
				1827D4BE1BE87995009F3B9B /* UIViewController */,
			);
			path = KIAdditions;
			sourceTree = "<group>";
		};
		1827D4791BE87995009F3B9B /* NSBundle */ = {
			isa = PBXGroup;
			children = (
				1827D47A1BE87995009F3B9B /* NSBundle+KIAdditions.h */,
				1827D47B1BE87995009F3B9B /* NSBundle+KIAdditions.m */,
			);
			path = NSBundle;
			sourceTree = "<group>";
		};
		1827D47C1BE87995009F3B9B /* NSData */ = {
			isa = PBXGroup;
			children = (
				1827D47D1BE87995009F3B9B /* NSData+KIAdditions.h */,
				1827D47E1BE87995009F3B9B /* NSData+KIAdditions.m */,
			);
			path = NSData;
			sourceTree = "<group>";
		};
		1827D47F1BE87995009F3B9B /* NSDate */ = {
			isa = PBXGroup;
			children = (
				1827D4801BE87995009F3B9B /* NSDate+KIAdditions.h */,
				1827D4811BE87995009F3B9B /* NSDate+KIAdditions.m */,
			);
			path = NSDate;
			sourceTree = "<group>";
		};
		1827D4821BE87995009F3B9B /* NSDictionary */ = {
			isa = PBXGroup;
			children = (
				1827D4831BE87995009F3B9B /* NSDictionary+KIAdditions.h */,
				1827D4841BE87995009F3B9B /* NSDictionary+KIAdditions.m */,
			);
			path = NSDictionary;
			sourceTree = "<group>";
		};
		1827D4851BE87995009F3B9B /* NSFileManager */ = {
			isa = PBXGroup;
			children = (
				1827D4861BE87995009F3B9B /* NSFileManager+KIAdditions.h */,
				1827D4871BE87995009F3B9B /* NSFileManager+KIAdditions.m */,
			);
			path = NSFileManager;
			sourceTree = "<group>";
		};
		1827D4881BE87995009F3B9B /* NSLayoutConstraint */ = {
			isa = PBXGroup;
			children = (
				1827D4891BE87995009F3B9B /* NSLayoutConstraint+KIAdditions.h */,
				1827D48A1BE87995009F3B9B /* NSLayoutConstraint+KIAdditions.m */,
			);
			path = NSLayoutConstraint;
			sourceTree = "<group>";
		};
		1827D48B1BE87995009F3B9B /* NSMutableDictionary */ = {
			isa = PBXGroup;
			children = (
				1827D48C1BE87995009F3B9B /* NSMutableDictionary+KIAdditions.h */,
				1827D48D1BE87995009F3B9B /* NSMutableDictionary+KIAdditions.m */,
			);
			path = NSMutableDictionary;
			sourceTree = "<group>";
		};
		1827D48E1BE87995009F3B9B /* NSObject */ = {
			isa = PBXGroup;
			children = (
				1827D48F1BE87995009F3B9B /* NSObject+KIAdditions.h */,
				1827D4901BE87995009F3B9B /* NSObject+KIAdditions.m */,
			);
			path = NSObject;
			sourceTree = "<group>";
		};
		1827D4911BE87995009F3B9B /* NSString */ = {
			isa = PBXGroup;
			children = (
				1827D4921BE87995009F3B9B /* NSString+KIAdditions.h */,
				1827D4931BE87995009F3B9B /* NSString+KIAdditions.m */,
			);
			path = NSString;
			sourceTree = "<group>";
		};
		1827D4941BE87995009F3B9B /* NSUserDefaults */ = {
			isa = PBXGroup;
			children = (
				1827D4951BE87995009F3B9B /* NSUserDefaults+KIAdditions.h */,
				1827D4961BE87995009F3B9B /* NSUserDefaults+KIAdditions.m */,
			);
			path = NSUserDefaults;
			sourceTree = "<group>";
		};
		1827D4971BE87995009F3B9B /* UIButton */ = {
			isa = PBXGroup;
			children = (
				1827D4981BE87995009F3B9B /* UIButton+KIAdditions.h */,
				1827D4991BE87995009F3B9B /* UIButton+KIAdditions.m */,
			);
			path = UIButton;
			sourceTree = "<group>";
		};
		1827D49A1BE87995009F3B9B /* UIColor */ = {
			isa = PBXGroup;
			children = (
				1827D49B1BE87995009F3B9B /* UIColor+KIAdditions.h */,
				1827D49C1BE87995009F3B9B /* UIColor+KIAdditions.m */,
			);
			path = UIColor;
			sourceTree = "<group>";
		};
		1827D49D1BE87995009F3B9B /* UIDevice */ = {
			isa = PBXGroup;
			children = (
				1827D49E1BE87995009F3B9B /* UIDevice+KIAdditions.h */,
				1827D49F1BE87995009F3B9B /* UIDevice+KIAdditions.m */,
			);
			path = UIDevice;
			sourceTree = "<group>";
		};
		1827D4A01BE87995009F3B9B /* UIImage */ = {
			isa = PBXGroup;
			children = (
				1827D4A11BE87995009F3B9B /* UIImage+KIAdditions.h */,
				1827D4A21BE87995009F3B9B /* UIImage+KIAdditions.m */,
				18DAD8431CA149B6007AA8A5 /* UIImage+KIBitmap.h */,
				18DAD8441CA149B6007AA8A5 /* UIImage+KIBitmap.m */,
				18DAD8461CA14C85007AA8A5 /* UIImage+KIFilter.h */,
				18DAD8471CA14C85007AA8A5 /* UIImage+KIFilter.m */,
			);
			path = UIImage;
			sourceTree = "<group>";
		};
		1827D4A61BE87995009F3B9B /* UINavigationBar */ = {
			isa = PBXGroup;
			children = (
				1827D4A71BE87995009F3B9B /* UINavigationBar+KIAdditions.h */,
				1827D4A81BE87995009F3B9B /* UINavigationBar+KIAdditions.m */,
			);
			path = UINavigationBar;
			sourceTree = "<group>";
		};
		1827D4A91BE87995009F3B9B /* UINavigationController */ = {
			isa = PBXGroup;
			children = (
				1827D4AA1BE87995009F3B9B /* UINavigationController+KIAdditions.h */,
				1827D4AB1BE87995009F3B9B /* UINavigationController+KIAdditions.m */,
			);
			path = UINavigationController;
			sourceTree = "<group>";
		};
		1827D4AC1BE87995009F3B9B /* UIScreen */ = {
			isa = PBXGroup;
			children = (
				1827D4AD1BE87995009F3B9B /* UIScreen+KIAdditions.h */,
				1827D4AE1BE87995009F3B9B /* UIScreen+KIAdditions.m */,
			);
			path = UIScreen;
			sourceTree = "<group>";
		};
		1827D4AF1BE87995009F3B9B /* UITableView */ = {
			isa = PBXGroup;
			children = (
				1827D4B01BE87995009F3B9B /* UITableView+KIAdditions.h */,
				1827D4B11BE87995009F3B9B /* UITableView+KIAdditions.m */,
			);
			path = UITableView;
			sourceTree = "<group>";
		};
		1827D4B21BE87995009F3B9B /* UITableViewCell */ = {
			isa = PBXGroup;
			children = (
				1827D4B31BE87995009F3B9B /* UITableViewCell+KIAdditions.h */,
				1827D4B41BE87995009F3B9B /* UITableViewCell+KIAdditions.m */,
			);
			path = UITableViewCell;
			sourceTree = "<group>";
		};
		1827D4B51BE87995009F3B9B /* UITableViewController */ = {
			isa = PBXGroup;
			children = (
				1827D4B61BE87995009F3B9B /* UITableViewController+KIAdditions.h */,
				1827D4B71BE87995009F3B9B /* UITableViewController+KIAdditions.m */,
			);
			path = UITableViewController;
			sourceTree = "<group>";
		};
		1827D4B81BE87995009F3B9B /* UITextField */ = {
			isa = PBXGroup;
			children = (
				1827D4B91BE87995009F3B9B /* UITextField+KIAdditions.h */,
				1827D4BA1BE87995009F3B9B /* UITextField+KIAdditions.m */,
			);
			path = UITextField;
			sourceTree = "<group>";
		};
		1827D4BE1BE87995009F3B9B /* UIViewController */ = {
			isa = PBXGroup;
			children = (
				1827D4BF1BE87995009F3B9B /* UIViewController+KIAdditions.h */,
				1827D4C01BE87995009F3B9B /* UIViewController+KIAdditions.m */,
			);
			path = UIViewController;
			sourceTree = "<group>";
		};
		1895C27F1C8517F8003ED1D3 /* UICollectionView */ = {
			isa = PBXGroup;
			children = (
				1895C2831C851836003ED1D3 /* UICollectionView+KIAdditions.h */,
				1895C2841C851836003ED1D3 /* UICollectionView+KIAdditions.m */,
			);
			path = UICollectionView;
			sourceTree = "<group>";
		};
		18BD6DC71BE86B9400B8CBF9 = {
			isa = PBXGroup;
			children = (
				18BD6DD21BE86B9400B8CBF9 /* KIAdditions */,
				18BD6DEC1BE86B9400B8CBF9 /* KIAdditionsTests */,
				18BD6DD11BE86B9400B8CBF9 /* Products */,
			);
			sourceTree = "<group>";
		};
		18BD6DD11BE86B9400B8CBF9 /* Products */ = {
			isa = PBXGroup;
			children = (
				18BD6DD01BE86B9400B8CBF9 /* KIAdditions.app */,
				18BD6DE91BE86B9400B8CBF9 /* KIAdditionsTests.xctest */,
			);
			name = Products;
			sourceTree = "<group>";
		};
		18BD6DD21BE86B9400B8CBF9 /* KIAdditions */ = {
			isa = PBXGroup;
			children = (
				1827D4781BE87995009F3B9B /* KIAdditions */,
				18BD6DD71BE86B9400B8CBF9 /* AppDelegate.h */,
				18BD6DD81BE86B9400B8CBF9 /* AppDelegate.m */,
				18DAD8411CA14809007AA8A5 /* iOS.png */,
				18BD6DDA1BE86B9400B8CBF9 /* ViewController.h */,
				18BD6DDB1BE86B9400B8CBF9 /* ViewController.m */,
				18BD6DDD1BE86B9400B8CBF9 /* Main.storyboard */,
				18BD6DE01BE86B9400B8CBF9 /* Images.xcassets */,
				18BD6DE21BE86B9400B8CBF9 /* LaunchScreen.xib */,
				18BD6DD31BE86B9400B8CBF9 /* Supporting Files */,
			);
			path = KIAdditions;
			sourceTree = "<group>";
		};
		18BD6DD31BE86B9400B8CBF9 /* Supporting Files */ = {
			isa = PBXGroup;
			children = (
				18BD6DD41BE86B9400B8CBF9 /* Info.plist */,
				18BD6DD51BE86B9400B8CBF9 /* main.m */,
			);
			name = "Supporting Files";
			sourceTree = "<group>";
		};
		18BD6DEC1BE86B9400B8CBF9 /* KIAdditionsTests */ = {
			isa = PBXGroup;
			children = (
				18BD6DEF1BE86B9400B8CBF9 /* KIAdditionsTests.m */,
				18BD6DED1BE86B9400B8CBF9 /* Supporting Files */,
			);
			path = KIAdditionsTests;
			sourceTree = "<group>";
		};
		18BD6DED1BE86B9400B8CBF9 /* Supporting Files */ = {
			isa = PBXGroup;
			children = (
				18BD6DEE1BE86B9400B8CBF9 /* Info.plist */,
			);
			name = "Supporting Files";
			sourceTree = "<group>";
		};
		18F873A11C3D0C1500AC9C6B /* UICollectionViewCell */ = {
			isa = PBXGroup;
			children = (
				18F873A21C3D0C3800AC9C6B /* UICollectionViewCell+KIAdditions.h */,
				18F873A31C3D0C3800AC9C6B /* UICollectionViewCell+KIAdditions.m */,
			);
			path = UICollectionViewCell;
			sourceTree = "<group>";
		};
/* End PBXGroup section */

/* Begin PBXNativeTarget section */
		18BD6DCF1BE86B9400B8CBF9 /* KIAdditions */ = {
			isa = PBXNativeTarget;
			buildConfigurationList = 18BD6DF31BE86B9400B8CBF9 /* Build configuration list for PBXNativeTarget "KIAdditions" */;
			buildPhases = (
				18BD6DCC1BE86B9400B8CBF9 /* Sources */,
				18BD6DCD1BE86B9400B8CBF9 /* Frameworks */,
				18BD6DCE1BE86B9400B8CBF9 /* Resources */,
			);
			buildRules = (
			);
			dependencies = (
			);
			name = KIAdditions;
			productName = KIAdditions;
			productReference = 18BD6DD01BE86B9400B8CBF9 /* KIAdditions.app */;
			productType = "com.apple.product-type.application";
		};
		18BD6DE81BE86B9400B8CBF9 /* KIAdditionsTests */ = {
			isa = PBXNativeTarget;
			buildConfigurationList = 18BD6DF61BE86B9400B8CBF9 /* Build configuration list for PBXNativeTarget "KIAdditionsTests" */;
			buildPhases = (
				18BD6DE51BE86B9400B8CBF9 /* Sources */,
				18BD6DE61BE86B9400B8CBF9 /* Frameworks */,
				18BD6DE71BE86B9400B8CBF9 /* Resources */,
			);
			buildRules = (
			);
			dependencies = (
				18BD6DEB1BE86B9400B8CBF9 /* PBXTargetDependency */,
			);
			name = KIAdditionsTests;
			productName = KIAdditionsTests;
			productReference = 18BD6DE91BE86B9400B8CBF9 /* KIAdditionsTests.xctest */;
			productType = "com.apple.product-type.bundle.unit-test";
		};
/* End PBXNativeTarget section */

/* Begin PBXProject section */
		18BD6DC81BE86B9400B8CBF9 /* Project object */ = {
			isa = PBXProject;
			attributes = {
				LastUpgradeCheck = 0620;
				ORGANIZATIONNAME = smartwalle;
				TargetAttributes = {
					18BD6DCF1BE86B9400B8CBF9 = {
						CreatedOnToolsVersion = 6.2;
					};
					18BD6DE81BE86B9400B8CBF9 = {
						CreatedOnToolsVersion = 6.2;
						TestTargetID = 18BD6DCF1BE86B9400B8CBF9;
					};
				};
			};
			buildConfigurationList = 18BD6DCB1BE86B9400B8CBF9 /* Build configuration list for PBXProject "KIAdditions" */;
			compatibilityVersion = "Xcode 3.2";
			developmentRegion = English;
			hasScannedForEncodings = 0;
			knownRegions = (
				en,
				Base,
			);
			mainGroup = 18BD6DC71BE86B9400B8CBF9;
			productRefGroup = 18BD6DD11BE86B9400B8CBF9 /* Products */;
			projectDirPath = "";
			projectRoot = "";
			targets = (
				18BD6DCF1BE86B9400B8CBF9 /* KIAdditions */,
				18BD6DE81BE86B9400B8CBF9 /* KIAdditionsTests */,
			);
		};
/* End PBXProject section */

/* Begin PBXResourcesBuildPhase section */
		18BD6DCE1BE86B9400B8CBF9 /* Resources */ = {
			isa = PBXResourcesBuildPhase;
			buildActionMask = 2147483647;
			files = (
				18BD6DDF1BE86B9400B8CBF9 /* Main.storyboard in Resources */,
				18DAD8421CA14809007AA8A5 /* iOS.png in Resources */,
				18BD6DE41BE86B9400B8CBF9 /* LaunchScreen.xib in Resources */,
				18BD6DE11BE86B9400B8CBF9 /* Images.xcassets in Resources */,
			);
			runOnlyForDeploymentPostprocessing = 0;
		};
		18BD6DE71BE86B9400B8CBF9 /* Resources */ = {
			isa = PBXResourcesBuildPhase;
			buildActionMask = 2147483647;
			files = (
			);
			runOnlyForDeploymentPostprocessing = 0;
		};
/* End PBXResourcesBuildPhase section */

/* Begin PBXSourcesBuildPhase section */
		18BD6DCC1BE86B9400B8CBF9 /* Sources */ = {
			isa = PBXSourcesBuildPhase;
			buildActionMask = 2147483647;
			files = (
				1827D4C51BE87995009F3B9B /* NSFileManager+KIAdditions.m in Sources */,
				1827D4C31BE87995009F3B9B /* NSDate+KIAdditions.m in Sources */,
				18BD6DDC1BE86B9400B8CBF9 /* ViewController.m in Sources */,
				1827D4D41BE87995009F3B9B /* UITableViewCell+KIAdditions.m in Sources */,
				1827D4CE1BE87995009F3B9B /* UIImage+KIAdditions.m in Sources */,
				1895C2851C851836003ED1D3 /* UICollectionView+KIAdditions.m in Sources */,
				1827D4D01BE87995009F3B9B /* UINavigationBar+KIAdditions.m in Sources */,
				1827D4C61BE87995009F3B9B /* NSLayoutConstraint+KIAdditions.m in Sources */,
				1827D4CC1BE87995009F3B9B /* UIColor+KIAdditions.m in Sources */,
				1827D4D51BE87995009F3B9B /* UITableViewController+KIAdditions.m in Sources */,
				1827D4D21BE87995009F3B9B /* UIScreen+KIAdditions.m in Sources */,
				18F873A41C3D0C3800AC9C6B /* UICollectionViewCell+KIAdditions.m in Sources */,
				18BD6DD91BE86B9400B8CBF9 /* AppDelegate.m in Sources */,
				1827D4CB1BE87995009F3B9B /* UIButton+KIAdditions.m in Sources */,
				1827D4C71BE87995009F3B9B /* NSMutableDictionary+KIAdditions.m in Sources */,
				1827D4D81BE87995009F3B9B /* UIViewController+KIAdditions.m in Sources */,
				1827D4D11BE87995009F3B9B /* UINavigationController+KIAdditions.m in Sources */,
				1827D4C21BE87995009F3B9B /* NSData+KIAdditions.m in Sources */,
				18DAD8451CA149B6007AA8A5 /* UIImage+KIBitmap.m in Sources */,
				1827D4C91BE87995009F3B9B /* NSString+KIAdditions.m in Sources */,
				1827D4C81BE87995009F3B9B /* NSObject+KIAdditions.m in Sources */,
				1827D4CA1BE87995009F3B9B /* NSUserDefaults+KIAdditions.m in Sources */,
				1827D4D61BE87995009F3B9B /* UITextField+KIAdditions.m in Sources */,
				1827D4C41BE87995009F3B9B /* NSDictionary+KIAdditions.m in Sources */,
				1827D4CD1BE87995009F3B9B /* UIDevice+KIAdditions.m in Sources */,
				1827D4C11BE87995009F3B9B /* NSBundle+KIAdditions.m in Sources */,
				18BD6DD61BE86B9400B8CBF9 /* main.m in Sources */,
				1827D4D31BE87995009F3B9B /* UITableView+KIAdditions.m in Sources */,
				18DAD8481CA14C85007AA8A5 /* UIImage+KIFilter.m in Sources */,
			);
			runOnlyForDeploymentPostprocessing = 0;
		};
		18BD6DE51BE86B9400B8CBF9 /* Sources */ = {
			isa = PBXSourcesBuildPhase;
			buildActionMask = 2147483647;
			files = (
				18BD6DF01BE86B9400B8CBF9 /* KIAdditionsTests.m in Sources */,
			);
			runOnlyForDeploymentPostprocessing = 0;
		};
/* End PBXSourcesBuildPhase section */

/* Begin PBXTargetDependency section */
		18BD6DEB1BE86B9400B8CBF9 /* PBXTargetDependency */ = {
			isa = PBXTargetDependency;
			target = 18BD6DCF1BE86B9400B8CBF9 /* KIAdditions */;
			targetProxy = 18BD6DEA1BE86B9400B8CBF9 /* PBXContainerItemProxy */;
		};
/* End PBXTargetDependency section */

/* Begin PBXVariantGroup section */
		18BD6DDD1BE86B9400B8CBF9 /* Main.storyboard */ = {
			isa = PBXVariantGroup;
			children = (
				18BD6DDE1BE86B9400B8CBF9 /* Base */,
			);
			name = Main.storyboard;
			sourceTree = "<group>";
		};
		18BD6DE21BE86B9400B8CBF9 /* LaunchScreen.xib */ = {
			isa = PBXVariantGroup;
			children = (
				18BD6DE31BE86B9400B8CBF9 /* Base */,
			);
			name = LaunchScreen.xib;
			sourceTree = "<group>";
		};
/* End PBXVariantGroup section */

/* Begin XCBuildConfiguration section */
		18BD6DF11BE86B9400B8CBF9 /* Debug */ = {
			isa = XCBuildConfiguration;
			buildSettings = {
				ALWAYS_SEARCH_USER_PATHS = NO;
				CLANG_CXX_LANGUAGE_STANDARD = "gnu++0x";
				CLANG_CXX_LIBRARY = "libc++";
				CLANG_ENABLE_MODULES = YES;
				CLANG_ENABLE_OBJC_ARC = YES;
				CLANG_WARN_BOOL_CONVERSION = YES;
				CLANG_WARN_CONSTANT_CONVERSION = YES;
				CLANG_WARN_DIRECT_OBJC_ISA_USAGE = YES_ERROR;
				CLANG_WARN_EMPTY_BODY = YES;
				CLANG_WARN_ENUM_CONVERSION = YES;
				CLANG_WARN_INT_CONVERSION = YES;
				CLANG_WARN_OBJC_ROOT_CLASS = YES_ERROR;
				CLANG_WARN_UNREACHABLE_CODE = YES;
				CLANG_WARN__DUPLICATE_METHOD_MATCH = YES;
				"CODE_SIGN_IDENTITY[sdk=iphoneos*]" = "iPhone Developer";
				COPY_PHASE_STRIP = NO;
				ENABLE_STRICT_OBJC_MSGSEND = YES;
				GCC_C_LANGUAGE_STANDARD = gnu99;
				GCC_DYNAMIC_NO_PIC = NO;
				GCC_OPTIMIZATION_LEVEL = 0;
				GCC_PREPROCESSOR_DEFINITIONS = (
					"DEBUG=1",
					"$(inherited)",
				);
				GCC_SYMBOLS_PRIVATE_EXTERN = NO;
				GCC_WARN_64_TO_32_BIT_CONVERSION = YES;
				GCC_WARN_ABOUT_RETURN_TYPE = YES_ERROR;
				GCC_WARN_UNDECLARED_SELECTOR = YES;
				GCC_WARN_UNINITIALIZED_AUTOS = YES_AGGRESSIVE;
				GCC_WARN_UNUSED_FUNCTION = YES;
				GCC_WARN_UNUSED_VARIABLE = YES;
				IPHONEOS_DEPLOYMENT_TARGET = 8.2;
				MTL_ENABLE_DEBUG_INFO = YES;
				ONLY_ACTIVE_ARCH = YES;
				SDKROOT = iphoneos;
			};
			name = Debug;
		};
		18BD6DF21BE86B9400B8CBF9 /* Release */ = {
			isa = XCBuildConfiguration;
			buildSettings = {
				ALWAYS_SEARCH_USER_PATHS = NO;
				CLANG_CXX_LANGUAGE_STANDARD = "gnu++0x";
				CLANG_CXX_LIBRARY = "libc++";
				CLANG_ENABLE_MODULES = YES;
				CLANG_ENABLE_OBJC_ARC = YES;
				CLANG_WARN_BOOL_CONVERSION = YES;
				CLANG_WARN_CONSTANT_CONVERSION = YES;
				CLANG_WARN_DIRECT_OBJC_ISA_USAGE = YES_ERROR;
				CLANG_WARN_EMPTY_BODY = YES;
				CLANG_WARN_ENUM_CONVERSION = YES;
				CLANG_WARN_INT_CONVERSION = YES;
				CLANG_WARN_OBJC_ROOT_CLASS = YES_ERROR;
				CLANG_WARN_UNREACHABLE_CODE = YES;
				CLANG_WARN__DUPLICATE_METHOD_MATCH = YES;
				"CODE_SIGN_IDENTITY[sdk=iphoneos*]" = "iPhone Developer";
				COPY_PHASE_STRIP = NO;
				ENABLE_NS_ASSERTIONS = NO;
				ENABLE_STRICT_OBJC_MSGSEND = YES;
				GCC_C_LANGUAGE_STANDARD = gnu99;
				GCC_WARN_64_TO_32_BIT_CONVERSION = YES;
				GCC_WARN_ABOUT_RETURN_TYPE = YES_ERROR;
				GCC_WARN_UNDECLARED_SELECTOR = YES;
				GCC_WARN_UNINITIALIZED_AUTOS = YES_AGGRESSIVE;
				GCC_WARN_UNUSED_FUNCTION = YES;
				GCC_WARN_UNUSED_VARIABLE = YES;
				IPHONEOS_DEPLOYMENT_TARGET = 8.2;
				MTL_ENABLE_DEBUG_INFO = NO;
				SDKROOT = iphoneos;
				VALIDATE_PRODUCT = YES;
			};
			name = Release;
		};
		18BD6DF41BE86B9400B8CBF9 /* Debug */ = {
			isa = XCBuildConfiguration;
			buildSettings = {
				ASSETCATALOG_COMPILER_APPICON_NAME = AppIcon;
				INFOPLIST_FILE = KIAdditions/Info.plist;
				LD_RUNPATH_SEARCH_PATHS = "$(inherited) @executable_path/Frameworks";
				PRODUCT_NAME = "$(TARGET_NAME)";
			};
			name = Debug;
		};
		18BD6DF51BE86B9400B8CBF9 /* Release */ = {
			isa = XCBuildConfiguration;
			buildSettings = {
				ASSETCATALOG_COMPILER_APPICON_NAME = AppIcon;
				INFOPLIST_FILE = KIAdditions/Info.plist;
				LD_RUNPATH_SEARCH_PATHS = "$(inherited) @executable_path/Frameworks";
				PRODUCT_NAME = "$(TARGET_NAME)";
			};
			name = Release;
		};
		18BD6DF71BE86B9400B8CBF9 /* Debug */ = {
			isa = XCBuildConfiguration;
			buildSettings = {
				BUNDLE_LOADER = "$(TEST_HOST)";
				FRAMEWORK_SEARCH_PATHS = (
					"$(SDKROOT)/Developer/Library/Frameworks",
					"$(inherited)",
				);
				GCC_PREPROCESSOR_DEFINITIONS = (
					"DEBUG=1",
					"$(inherited)",
				);
				INFOPLIST_FILE = KIAdditionsTests/Info.plist;
				LD_RUNPATH_SEARCH_PATHS = "$(inherited) @executable_path/Frameworks @loader_path/Frameworks";
				PRODUCT_NAME = "$(TARGET_NAME)";
				TEST_HOST = "$(BUILT_PRODUCTS_DIR)/KIAdditions.app/KIAdditions";
			};
			name = Debug;
		};
		18BD6DF81BE86B9400B8CBF9 /* Release */ = {
			isa = XCBuildConfiguration;
			buildSettings = {
				BUNDLE_LOADER = "$(TEST_HOST)";
				FRAMEWORK_SEARCH_PATHS = (
					"$(SDKROOT)/Developer/Library/Frameworks",
					"$(inherited)",
				);
				INFOPLIST_FILE = KIAdditionsTests/Info.plist;
				LD_RUNPATH_SEARCH_PATHS = "$(inherited) @executable_path/Frameworks @loader_path/Frameworks";
				PRODUCT_NAME = "$(TARGET_NAME)";
				TEST_HOST = "$(BUILT_PRODUCTS_DIR)/KIAdditions.app/KIAdditions";
			};
			name = Release;
		};
/* End XCBuildConfiguration section */

/* Begin XCConfigurationList section */
		18BD6DCB1BE86B9400B8CBF9 /* Build configuration list for PBXProject "KIAdditions" */ = {
			isa = XCConfigurationList;
			buildConfigurations = (
				18BD6DF11BE86B9400B8CBF9 /* Debug */,
				18BD6DF21BE86B9400B8CBF9 /* Release */,
			);
			defaultConfigurationIsVisible = 0;
			defaultConfigurationName = Release;
		};
		18BD6DF31BE86B9400B8CBF9 /* Build configuration list for PBXNativeTarget "KIAdditions" */ = {
			isa = XCConfigurationList;
			buildConfigurations = (
				18BD6DF41BE86B9400B8CBF9 /* Debug */,
				18BD6DF51BE86B9400B8CBF9 /* Release */,
			);
			defaultConfigurationIsVisible = 0;
			defaultConfigurationName = Release;
		};
		18BD6DF61BE86B9400B8CBF9 /* Build configuration list for PBXNativeTarget "KIAdditionsTests" */ = {
			isa = XCConfigurationList;
			buildConfigurations = (
				18BD6DF71BE86B9400B8CBF9 /* Debug */,
				18BD6DF81BE86B9400B8CBF9 /* Release */,
			);
			defaultConfigurationIsVisible = 0;
			defaultConfigurationName = Release;
		};
/* End XCConfigurationList section */
	};
	rootObject = 18BD6DC81BE86B9400B8CBF9 /* Project object */;
}
